// !$*UTF8*$!
{
	archiveVersion = 1;
	classes = {
	};
	objectVersion = 56;
	objects = {

/* Begin PBXBuildFile section */
		50065B442C0A63B2005C979F /* FileCopierrrApp.swift in Sources */ = {isa = PBXBuildFile; fileRef = 50065B432C0A63B2005C979F /* FileCopierrrApp.swift */; };
		50065B462C0A63B2005C979F /* ContentView.swift in Sources */ = {isa = PBXBuildFile; fileRef = 50065B452C0A63B2005C979F /* ContentView.swift */; };
		50065B482C0A63B3005C979F /* Assets.xcassets in Resources */ = {isa = PBXBuildFile; fileRef = 50065B472C0A63B3005C979F /* Assets.xcassets */; };
		50065B4C2C0A63B3005C979F /* Preview Assets.xcassets in Resources */ = {isa = PBXBuildFile; fileRef = 50065B4B2C0A63B3005C979F /* Preview Assets.xcassets */; };
		50065B562C0A63B3005C979F /* FileCopierrrTests.swift in Sources */ = {isa = PBXBuildFile; fileRef = 50065B552C0A63B3005C979F /* FileCopierrrTests.swift */; };
		50065B602C0A63B3005C979F /* FileCopierrrUITests.swift in Sources */ = {isa = PBXBuildFile; fileRef = 50065B5F2C0A63B3005C979F /* FileCopierrrUITests.swift */; };
		50065B622C0A63B3005C979F /* FileCopierrrUITestsLaunchTests.swift in Sources */ = {isa = PBXBuildFile; fileRef = 50065B612C0A63B3005C979F /* FileCopierrrUITestsLaunchTests.swift */; };
		50065B6F2C0A642D005C979F /* FilePicker.swift in Sources */ = {isa = PBXBuildFile; fileRef = 50065B6E2C0A642D005C979F /* FilePicker.swift */; };
		50065B712C0A6B25005C979F /* Entitlements.plist in Resources */ = {isa = PBXBuildFile; fileRef = 50065B702C0A6B25005C979F /* Entitlements.plist */; };
/* End PBXBuildFile section */

/* Begin PBXContainerItemProxy section */
		50065B522C0A63B3005C979F /* PBXContainerItemProxy */ = {
			isa = PBXContainerItemProxy;
			containerPortal = 50065B382C0A63B2005C979F /* Project object */;
			proxyType = 1;
			remoteGlobalIDString = 50065B3F2C0A63B2005C979F;
			remoteInfo = FileCopierrr;
		};
		50065B5C2C0A63B3005C979F /* PBXContainerItemProxy */ = {
			isa = PBXContainerItemProxy;
			containerPortal = 50065B382C0A63B2005C979F /* Project object */;
			proxyType = 1;
			remoteGlobalIDString = 50065B3F2C0A63B2005C979F;
			remoteInfo = FileCopierrr;
		};
/* End PBXContainerItemProxy section */

/* Begin PBXFileReference section */
		50065B402C0A63B2005C979F /* Amadace File Copier.app */ = {isa = PBXFileReference; explicitFileType = wrapper.application; includeInIndex = 0; path = "Amadace File Copier.app"; sourceTree = BUILT_PRODUCTS_DIR; };
		50065B432C0A63B2005C979F /* FileCopierrrApp.swift */ = {isa = PBXFileReference; lastKnownFileType = sourcecode.swift; path = FileCopierrrApp.swift; sourceTree = "<group>"; };
		50065B452C0A63B2005C979F /* ContentView.swift */ = {isa = PBXFileReference; lastKnownFileType = sourcecode.swift; path = ContentView.swift; sourceTree = "<group>"; };
		50065B472C0A63B3005C979F /* Assets.xcassets */ = {isa = PBXFileReference; lastKnownFileType = folder.assetcatalog; path = Assets.xcassets; sourceTree = "<group>"; };
		50065B492C0A63B3005C979F /* FileCopierrr.entitlements */ = {isa = PBXFileReference; lastKnownFileType = text.plist.entitlements; path = FileCopierrr.entitlements; sourceTree = "<group>"; };
		50065B4B2C0A63B3005C979F /* Preview Assets.xcassets */ = {isa = PBXFileReference; lastKnownFileType = folder.assetcatalog; path = "Preview Assets.xcassets"; sourceTree = "<group>"; };
		50065B512C0A63B3005C979F /* Amadace File CopierTests.xctest */ = {isa = PBXFileReference; explicitFileType = wrapper.cfbundle; includeInIndex = 0; path = "Amadace File CopierTests.xctest"; sourceTree = BUILT_PRODUCTS_DIR; };
		50065B552C0A63B3005C979F /* FileCopierrrTests.swift */ = {isa = PBXFileReference; lastKnownFileType = sourcecode.swift; path = FileCopierrrTests.swift; sourceTree = "<group>"; };
		50065B5B2C0A63B3005C979F /* Amadace File CopierUITests.xctest */ = {isa = PBXFileReference; explicitFileType = wrapper.cfbundle; includeInIndex = 0; path = "Amadace File CopierUITests.xctest"; sourceTree = BUILT_PRODUCTS_DIR; };
		50065B5F2C0A63B3005C979F /* FileCopierrrUITests.swift */ = {isa = PBXFileReference; lastKnownFileType = sourcecode.swift; path = FileCopierrrUITests.swift; sourceTree = "<group>"; };
		50065B612C0A63B3005C979F /* FileCopierrrUITestsLaunchTests.swift */ = {isa = PBXFileReference; lastKnownFileType = sourcecode.swift; path = FileCopierrrUITestsLaunchTests.swift; sourceTree = "<group>"; };
		50065B6E2C0A642D005C979F /* FilePicker.swift */ = {isa = PBXFileReference; lastKnownFileType = sourcecode.swift; path = FilePicker.swift; sourceTree = "<group>"; };
		50065B702C0A6B25005C979F /* Entitlements.plist */ = {isa = PBXFileReference; lastKnownFileType = text.plist.xml; path = Entitlements.plist; sourceTree = "<group>"; };
/* End PBXFileReference section */

/* Begin PBXFrameworksBuildPhase section */
		50065B3D2C0A63B2005C979F /* Frameworks */ = {
			isa = PBXFrameworksBuildPhase;
			buildActionMask = 2147483647;
			files = (
			);
			runOnlyForDeploymentPostprocessing = 0;
		};
		50065B4E2C0A63B3005C979F /* Frameworks */ = {
			isa = PBXFrameworksBuildPhase;
			buildActionMask = 2147483647;
			files = (
			);
			runOnlyForDeploymentPostprocessing = 0;
		};
		50065B582C0A63B3005C979F /* Frameworks */ = {
			isa = PBXFrameworksBuildPhase;
			buildActionMask = 2147483647;
			files = (
			);
			runOnlyForDeploymentPostprocessing = 0;
		};
/* End PBXFrameworksBuildPhase section */

/* Begin PBXGroup section */
		50065B372C0A63B2005C979F = {
			isa = PBXGroup;
			children = (
				50065B702C0A6B25005C979F /* Entitlements.plist */,
				50065B422C0A63B2005C979F /* FileCopierrr */,
				50065B542C0A63B3005C979F /* FileCopierrrTests */,
				50065B5E2C0A63B3005C979F /* FileCopierrrUITests */,
				50065B412C0A63B2005C979F /* Products */,
			);
			sourceTree = "<group>";
		};
		50065B412C0A63B2005C979F /* Products */ = {
			isa = PBXGroup;
			children = (
				50065B402C0A63B2005C979F /* Amadace File Copier.app */,
				50065B512C0A63B3005C979F /* Amadace File CopierTests.xctest */,
				50065B5B2C0A63B3005C979F /* Amadace File CopierUITests.xctest */,
			);
			name = Products;
			sourceTree = "<group>";
		};
		50065B422C0A63B2005C979F /* FileCopierrr */ = {
			isa = PBXGroup;
			children = (
				50065B432C0A63B2005C979F /* FileCopierrrApp.swift */,
				50065B452C0A63B2005C979F /* ContentView.swift */,
				50065B6E2C0A642D005C979F /* FilePicker.swift */,
				50065B472C0A63B3005C979F /* Assets.xcassets */,
				50065B492C0A63B3005C979F /* FileCopierrr.entitlements */,
				50065B4A2C0A63B3005C979F /* Preview Content */,
			);
			path = FileCopierrr;
			sourceTree = "<group>";
		};
		50065B4A2C0A63B3005C979F /* Preview Content */ = {
			isa = PBXGroup;
			children = (
				50065B4B2C0A63B3005C979F /* Preview Assets.xcassets */,
			);
			path = "Preview Content";
			sourceTree = "<group>";
		};
		50065B542C0A63B3005C979F /* FileCopierrrTests */ = {
			isa = PBXGroup;
			children = (
				50065B552C0A63B3005C979F /* FileCopierrrTests.swift */,
			);
			path = FileCopierrrTests;
			sourceTree = "<group>";
		};
		50065B5E2C0A63B3005C979F /* FileCopierrrUITests */ = {
			isa = PBXGroup;
			children = (
				50065B5F2C0A63B3005C979F /* FileCopierrrUITests.swift */,
				50065B612C0A63B3005C979F /* FileCopierrrUITestsLaunchTests.swift */,
			);
			path = FileCopierrrUITests;
			sourceTree = "<group>";
		};
/* End PBXGroup section */

/* Begin PBXNativeTarget section */
		50065B3F2C0A63B2005C979F /* Amadace File Copier */ = {
			isa = PBXNativeTarget;
			buildConfigurationList = 50065B652C0A63B3005C979F /* Build configuration list for PBXNativeTarget "Amadace File Copier" */;
			buildPhases = (
				50065B3C2C0A63B2005C979F /* Sources */,
				50065B3D2C0A63B2005C979F /* Frameworks */,
				50065B3E2C0A63B2005C979F /* Resources */,
			);
			buildRules = (
			);
			dependencies = (
			);
			name = "Amadace File Copier";
			productName = FileCopierrr;
			productReference = 50065B402C0A63B2005C979F /* Amadace File Copier.app */;
			productType = "com.apple.product-type.application";
		};
		50065B502C0A63B3005C979F /* Amadace File CopierTests */ = {
			isa = PBXNativeTarget;
			buildConfigurationList = 50065B682C0A63B3005C979F /* Build configuration list for PBXNativeTarget "Amadace File CopierTests" */;
			buildPhases = (
				50065B4D2C0A63B3005C979F /* Sources */,
				50065B4E2C0A63B3005C979F /* Frameworks */,
				50065B4F2C0A63B3005C979F /* Resources */,
			);
			buildRules = (
			);
			dependencies = (
				50065B532C0A63B3005C979F /* PBXTargetDependency */,
			);
			name = "Amadace File CopierTests";
			productName = FileCopierrrTests;
			productReference = 50065B512C0A63B3005C979F /* Amadace File CopierTests.xctest */;
			productType = "com.apple.product-type.bundle.unit-test";
		};
		50065B5A2C0A63B3005C979F /* Amadace File CopierUITests */ = {
			isa = PBXNativeTarget;
			buildConfigurationList = 50065B6B2C0A63B3005C979F /* Build configuration list for PBXNativeTarget "Amadace File CopierUITests" */;
			buildPhases = (
				50065B572C0A63B3005C979F /* Sources */,
				50065B582C0A63B3005C979F /* Frameworks */,
				50065B592C0A63B3005C979F /* Resources */,
			);
			buildRules = (
			);
			dependencies = (
				50065B5D2C0A63B3005C979F /* PBXTargetDependency */,
			);
			name = "Amadace File CopierUITests";
			productName = FileCopierrrUITests;
			productReference = 50065B5B2C0A63B3005C979F /* Amadace File CopierUITests.xctest */;
			productType = "com.apple.product-type.bundle.ui-testing";
		};
/* End PBXNativeTarget section */

/* Begin PBXProject section */
		50065B382C0A63B2005C979F /* Project object */ = {
			isa = PBXProject;
			attributes = {
				BuildIndependentTargetsInParallel = 1;
				LastSwiftUpdateCheck = 1540;
				LastUpgradeCheck = 1540;
				TargetAttributes = {
					50065B3F2C0A63B2005C979F = {
						CreatedOnToolsVersion = 15.4;
					};
					50065B502C0A63B3005C979F = {
						CreatedOnToolsVersion = 15.4;
						TestTargetID = 50065B3F2C0A63B2005C979F;
					};
					50065B5A2C0A63B3005C979F = {
						CreatedOnToolsVersion = 15.4;
						TestTargetID = 50065B3F2C0A63B2005C979F;
					};
				};
			};
			buildConfigurationList = 50065B3B2C0A63B2005C979F /* Build configuration list for PBXProject "Amadace File Copier" */;
			compatibilityVersion = "Xcode 14.0";
			developmentRegion = en;
			hasScannedForEncodings = 0;
			knownRegions = (
				en,
				Base,
			);
			mainGroup = 50065B372C0A63B2005C979F;
			productRefGroup = 50065B412C0A63B2005C979F /* Products */;
			projectDirPath = "";
			projectRoot = "";
			targets = (
				50065B3F2C0A63B2005C979F /* Amadace File Copier */,
				50065B502C0A63B3005C979F /* Amadace File CopierTests */,
				50065B5A2C0A63B3005C979F /* Amadace File CopierUITests */,
			);
		};
/* End PBXProject section */

/* Begin PBXResourcesBuildPhase section */
		50065B3E2C0A63B2005C979F /* Resources */ = {
			isa = PBXResourcesBuildPhase;
			buildActionMask = 2147483647;
			files = (
				50065B712C0A6B25005C979F /* Entitlements.plist in Resources */,
				50065B4C2C0A63B3005C979F /* Preview Assets.xcassets in Resources */,
				50065B482C0A63B3005C979F /* Assets.xcassets in Resources */,
			);
			runOnlyForDeploymentPostprocessing = 0;
		};
		50065B4F2C0A63B3005C979F /* Resources */ = {
			isa = PBXResourcesBuildPhase;
			buildActionMask = 2147483647;
			files = (
			);
			runOnlyForDeploymentPostprocessing = 0;
		};
		50065B592C0A63B3005C979F /* Resources */ = {
			isa = PBXResourcesBuildPhase;
			buildActionMask = 2147483647;
			files = (
			);
			runOnlyForDeploymentPostprocessing = 0;
		};
/* End PBXResourcesBuildPhase section */

/* Begin PBXSourcesBuildPhase section */
		50065B3C2C0A63B2005C979F /* Sources */ = {
			isa = PBXSourcesBuildPhase;
			buildActionMask = 2147483647;
			files = (
				50065B6F2C0A642D005C979F /* FilePicker.swift in Sources */,
				50065B462C0A63B2005C979F /* ContentView.swift in Sources */,
				50065B442C0A63B2005C979F /* FileCopierrrApp.swift in Sources */,
			);
			runOnlyForDeploymentPostprocessing = 0;
		};
		50065B4D2C0A63B3005C979F /* Sources */ = {
			isa = PBXSourcesBuildPhase;
			buildActionMask = 2147483647;
			files = (
				50065B562C0A63B3005C979F /* FileCopierrrTests.swift in Sources */,
			);
			runOnlyForDeploymentPostprocessing = 0;
		};
		50065B572C0A63B3005C979F /* Sources */ = {
			isa = PBXSourcesBuildPhase;
			buildActionMask = 2147483647;
			files = (
				50065B622C0A63B3005C979F /* FileCopierrrUITestsLaunchTests.swift in Sources */,
				50065B602C0A63B3005C979F /* FileCopierrrUITests.swift in Sources */,
			);
			runOnlyForDeploymentPostprocessing = 0;
		};
/* End PBXSourcesBuildPhase section */

/* Begin PBXTargetDependency section */
		50065B532C0A63B3005C979F /* PBXTargetDependency */ = {
			isa = PBXTargetDependency;
			target = 50065B3F2C0A63B2005C979F /* Amadace File Copier */;
			targetProxy = 50065B522C0A63B3005C979F /* PBXContainerItemProxy */;
		};
		50065B5D2C0A63B3005C979F /* PBXTargetDependency */ = {
			isa = PBXTargetDependency;
			target = 50065B3F2C0A63B2005C979F /* Amadace File Copier */;
			targetProxy = 50065B5C2C0A63B3005C979F /* PBXContainerItemProxy */;
		};
/* End PBXTargetDependency section */

/* Begin XCBuildConfiguration section */
		50065B632C0A63B3005C979F /* Debug */ = {
			isa = XCBuildConfiguration;
			buildSettings = {
				ALWAYS_SEARCH_USER_PATHS = NO;
				ASSETCATALOG_COMPILER_GENERATE_SWIFT_ASSET_SYMBOL_EXTENSIONS = YES;
				CLANG_ANALYZER_NONNULL = YES;
				CLANG_ANALYZER_NUMBER_OBJECT_CONVERSION = YES_AGGRESSIVE;
				CLANG_CXX_LANGUAGE_STANDARD = "gnu++20";
				CLANG_ENABLE_MODULES = YES;
				CLANG_ENABLE_OBJC_ARC = YES;
				CLANG_ENABLE_OBJC_WEAK = YES;
				CLANG_WARN_BLOCK_CAPTURE_AUTORELEASING = YES;
				CLANG_WARN_BOOL_CONVERSION = YES;
				CLANG_WARN_COMMA = YES;
				CLANG_WARN_CONSTANT_CONVERSION = YES;
				CLANG_WARN_DEPRECATED_OBJC_IMPLEMENTATIONS = YES;
				CLANG_WARN_DIRECT_OBJC_ISA_USAGE = YES_ERROR;
				CLANG_WARN_DOCUMENTATION_COMMENTS = YES;
				CLANG_WARN_EMPTY_BODY = YES;
				CLANG_WARN_ENUM_CONVERSION = YES;
				CLANG_WARN_INFINITE_RECURSION = YES;
				CLANG_WARN_INT_CONVERSION = YES;
				CLANG_WARN_NON_LITERAL_NULL_CONVERSION = YES;
				CLANG_WARN_OBJC_IMPLICIT_RETAIN_SELF = YES;
				CLANG_WARN_OBJC_LITERAL_CONVERSION = YES;
				CLANG_WARN_OBJC_ROOT_CLASS = YES_ERROR;
				CLANG_WARN_QUOTED_INCLUDE_IN_FRAMEWORK_HEADER = YES;
				CLANG_WARN_RANGE_LOOP_ANALYSIS = YES;
				CLANG_WARN_STRICT_PROTOTYPES = YES;
				CLANG_WARN_SUSPICIOUS_MOVE = YES;
				CLANG_WARN_UNGUARDED_AVAILABILITY = YES_AGGRESSIVE;
				CLANG_WARN_UNREACHABLE_CODE = YES;
				CLANG_WARN__DUPLICATE_METHOD_MATCH = YES;
				COPY_PHASE_STRIP = NO;
				DEBUG_INFORMATION_FORMAT = dwarf;
				ENABLE_STRICT_OBJC_MSGSEND = YES;
				ENABLE_TESTABILITY = YES;
				ENABLE_USER_SCRIPT_SANDBOXING = YES;
				GCC_C_LANGUAGE_STANDARD = gnu17;
				GCC_DYNAMIC_NO_PIC = NO;
				GCC_NO_COMMON_BLOCKS = YES;
				GCC_OPTIMIZATION_LEVEL = 0;
				GCC_PREPROCESSOR_DEFINITIONS = (
					"DEBUG=1",
					"$(inherited)",
				);
				GCC_WARN_64_TO_32_BIT_CONVERSION = YES;
				GCC_WARN_ABOUT_RETURN_TYPE = YES_ERROR;
				GCC_WARN_UNDECLARED_SELECTOR = YES;
				GCC_WARN_UNINITIALIZED_AUTOS = YES_AGGRESSIVE;
				GCC_WARN_UNUSED_FUNCTION = YES;
				GCC_WARN_UNUSED_VARIABLE = YES;
				LOCALIZATION_PREFERS_STRING_CATALOGS = YES;
				MTL_ENABLE_DEBUG_INFO = INCLUDE_SOURCE;
				MTL_FAST_MATH = YES;
				ONLY_ACTIVE_ARCH = YES;
				SWIFT_ACTIVE_COMPILATION_CONDITIONS = "DEBUG $(inherited)";
				SWIFT_OPTIMIZATION_LEVEL = "-Onone";
			};
			name = Debug;
		};
		50065B642C0A63B3005C979F /* Release */ = {
			isa = XCBuildConfiguration;
			buildSettings = {
				ALWAYS_SEARCH_USER_PATHS = NO;
				ASSETCATALOG_COMPILER_GENERATE_SWIFT_ASSET_SYMBOL_EXTENSIONS = YES;
				CLANG_ANALYZER_NONNULL = YES;
				CLANG_ANALYZER_NUMBER_OBJECT_CONVERSION = YES_AGGRESSIVE;
				CLANG_CXX_LANGUAGE_STANDARD = "gnu++20";
				CLANG_ENABLE_MODULES = YES;
				CLANG_ENABLE_OBJC_ARC = YES;
				CLANG_ENABLE_OBJC_WEAK = YES;
				CLANG_WARN_BLOCK_CAPTURE_AUTORELEASING = YES;
				CLANG_WARN_BOOL_CONVERSION = YES;
				CLANG_WARN_COMMA = YES;
				CLANG_WARN_CONSTANT_CONVERSION = YES;
				CLANG_WARN_DEPRECATED_OBJC_IMPLEMENTATIONS = YES;
				CLANG_WARN_DIRECT_OBJC_ISA_USAGE = YES_ERROR;
				CLANG_WARN_DOCUMENTATION_COMMENTS = YES;
				CLANG_WARN_EMPTY_BODY = YES;
				CLANG_WARN_ENUM_CONVERSION = YES;
				CLANG_WARN_INFINITE_RECURSION = YES;
				CLANG_WARN_INT_CONVERSION = YES;
				CLANG_WARN_NON_LITERAL_NULL_CONVERSION = YES;
				CLANG_WARN_OBJC_IMPLICIT_RETAIN_SELF = YES;
				CLANG_WARN_OBJC_LITERAL_CONVERSION = YES;
				CLANG_WARN_OBJC_ROOT_CLASS = YES_ERROR;
				CLANG_WARN_QUOTED_INCLUDE_IN_FRAMEWORK_HEADER = YES;
				CLANG_WARN_RANGE_LOOP_ANALYSIS = YES;
				CLANG_WARN_STRICT_PROTOTYPES = YES;
				CLANG_WARN_SUSPICIOUS_MOVE = YES;
				CLANG_WARN_UNGUARDED_AVAILABILITY = YES_AGGRESSIVE;
				CLANG_WARN_UNREACHABLE_CODE = YES;
				CLANG_WARN__DUPLICATE_METHOD_MATCH = YES;
				COPY_PHASE_STRIP = NO;
				DEBUG_INFORMATION_FORMAT = "dwarf-with-dsym";
				ENABLE_NS_ASSERTIONS = NO;
				ENABLE_STRICT_OBJC_MSGSEND = YES;
				ENABLE_USER_SCRIPT_SANDBOXING = YES;
				GCC_C_LANGUAGE_STANDARD = gnu17;
				GCC_NO_COMMON_BLOCKS = YES;
				GCC_WARN_64_TO_32_BIT_CONVERSION = YES;
				GCC_WARN_ABOUT_RETURN_TYPE = YES_ERROR;
				GCC_WARN_UNDECLARED_SELECTOR = YES;
				GCC_WARN_UNINITIALIZED_AUTOS = YES_AGGRESSIVE;
				GCC_WARN_UNUSED_FUNCTION = YES;
				GCC_WARN_UNUSED_VARIABLE = YES;
				LOCALIZATION_PREFERS_STRING_CATALOGS = YES;
				MTL_ENABLE_DEBUG_INFO = NO;
				MTL_FAST_MATH = YES;
				SWIFT_COMPILATION_MODE = wholemodule;
			};
			name = Release;
		};
		50065B662C0A63B3005C979F /* Debug */ = {
			isa = XCBuildConfiguration;
			buildSettings = {
				ASSETCATALOG_COMPILER_APPICON_NAME = AppIcon;
				ASSETCATALOG_COMPILER_GLOBAL_ACCENT_COLOR_NAME = AccentColor;
				CODE_SIGN_ENTITLEMENTS = Entitlements.plist;
				CODE_SIGN_STYLE = Automatic;
				CURRENT_PROJECT_VERSION = 1;
				DEVELOPMENT_ASSET_PATHS = "\"FileCopierrr/Preview Content\"";
				DEVELOPMENT_TEAM = 644KX764WM;
				ENABLE_HARDENED_RUNTIME = YES;
				ENABLE_PREVIEWS = YES;
				GENERATE_INFOPLIST_FILE = YES;
				"INFOPLIST_KEY_UIApplicationSceneManifest_Generation[sdk=iphoneos*]" = YES;
				"INFOPLIST_KEY_UIApplicationSceneManifest_Generation[sdk=iphonesimulator*]" = YES;
				"INFOPLIST_KEY_UIApplicationSupportsIndirectInputEvents[sdk=iphoneos*]" = YES;
				"INFOPLIST_KEY_UIApplicationSupportsIndirectInputEvents[sdk=iphonesimulator*]" = YES;
				"INFOPLIST_KEY_UILaunchScreen_Generation[sdk=iphoneos*]" = YES;
				"INFOPLIST_KEY_UILaunchScreen_Generation[sdk=iphonesimulator*]" = YES;
				"INFOPLIST_KEY_UIStatusBarStyle[sdk=iphoneos*]" = UIStatusBarStyleDefault;
				"INFOPLIST_KEY_UIStatusBarStyle[sdk=iphonesimulator*]" = UIStatusBarStyleDefault;
				INFOPLIST_KEY_UISupportedInterfaceOrientations_iPad = "UIInterfaceOrientationPortrait UIInterfaceOrientationPortraitUpsideDown UIInterfaceOrientationLandscapeLeft UIInterfaceOrientationLandscapeRight";
				INFOPLIST_KEY_UISupportedInterfaceOrientations_iPhone = "UIInterfaceOrientationPortrait UIInterfaceOrientationLandscapeLeft UIInterfaceOrientationLandscapeRight";
				IPHONEOS_DEPLOYMENT_TARGET = 17.5;
				LD_RUNPATH_SEARCH_PATHS = "@executable_path/Frameworks";
				"LD_RUNPATH_SEARCH_PATHS[sdk=macosx*]" = "@executable_path/../Frameworks";
				MACOSX_DEPLOYMENT_TARGET = 14.5;
				MARKETING_VERSION = 1.0;
				PRODUCT_BUNDLE_IDENTIFIER = ace.AmadaceFileCopier;
				PRODUCT_NAME = "$(TARGET_NAME)";
				SDKROOT = auto;
				SUPPORTED_PLATFORMS = "iphoneos iphonesimulator macosx";
				SWIFT_EMIT_LOC_STRINGS = YES;
				SWIFT_VERSION = 5.0;
				TARGETED_DEVICE_FAMILY = "1,2";
			};
			name = Debug;
		};
		50065B672C0A63B3005C979F /* Release */ = {
			isa = XCBuildConfiguration;
			buildSettings = {
				ASSETCATALOG_COMPILER_APPICON_NAME = AppIcon;
				ASSETCATALOG_COMPILER_GLOBAL_ACCENT_COLOR_NAME = AccentColor;
				CODE_SIGN_ENTITLEMENTS = Entitlements.plist;
				CODE_SIGN_STYLE = Automatic;
				CURRENT_PROJECT_VERSION = 1;
				DEVELOPMENT_ASSET_PATHS = "\"FileCopierrr/Preview Content\"";
				DEVELOPMENT_TEAM = 644KX764WM;
				ENABLE_HARDENED_RUNTIME = YES;
				ENABLE_PREVIEWS = YES;
				GENERATE_INFOPLIST_FILE = YES;
				"INFOPLIST_KEY_UIApplicationSceneManifest_Generation[sdk=iphoneos*]" = YES;
				"INFOPLIST_KEY_UIApplicationSceneManifest_Generation[sdk=iphonesimulator*]" = YES;
				"INFOPLIST_KEY_UIApplicationSupportsIndirectInputEvents[sdk=iphoneos*]" = YES;
				"INFOPLIST_KEY_UIApplicationSupportsIndirectInputEvents[sdk=iphonesimulator*]" = YES;
				"INFOPLIST_KEY_UILaunchScreen_Generation[sdk=iphoneos*]" = YES;
				"INFOPLIST_KEY_UILaunchScreen_Generation[sdk=iphonesimulator*]" = YES;
				"INFOPLIST_KEY_UIStatusBarStyle[sdk=iphoneos*]" = UIStatusBarStyleDefault;
				"INFOPLIST_KEY_UIStatusBarStyle[sdk=iphonesimulator*]" = UIStatusBarStyleDefault;
				INFOPLIST_KEY_UISupportedInterfaceOrientations_iPad = "UIInterfaceOrientationPortrait UIInterfaceOrientationPortraitUpsideDown UIInterfaceOrientationLandscapeLeft UIInterfaceOrientationLandscapeRight";
				INFOPLIST_KEY_UISupportedInterfaceOrientations_iPhone = "UIInterfaceOrientationPortrait UIInterfaceOrientationLandscapeLeft UIInterfaceOrientationLandscapeRight";
				IPHONEOS_DEPLOYMENT_TARGET = 17.5;
				LD_RUNPATH_SEARCH_PATHS = "@executable_path/Frameworks";
				"LD_RUNPATH_SEARCH_PATHS[sdk=macosx*]" = "@executable_path/../Frameworks";
				MACOSX_DEPLOYMENT_TARGET = 14.5;
				MARKETING_VERSION = 1.0;
				PRODUCT_BUNDLE_IDENTIFIER = ace.AmadaceFileCopier;
				PRODUCT_NAME = "$(TARGET_NAME)";
				SDKROOT = auto;
				SUPPORTED_PLATFORMS = "iphoneos iphonesimulator macosx";
				SWIFT_EMIT_LOC_STRINGS = YES;
				SWIFT_VERSION = 5.0;
				TARGETED_DEVICE_FAMILY = "1,2";
			};
			name = Release;
		};
		50065B692C0A63B3005C979F /* Debug */ = {
			isa = XCBuildConfiguration;
			buildSettings = {
				ALWAYS_EMBED_SWIFT_STANDARD_LIBRARIES = YES;
				BUNDLE_LOADER = "$(TEST_HOST)";
				CODE_SIGN_STYLE = Automatic;
				CURRENT_PROJECT_VERSION = 1;
				DEVELOPMENT_TEAM = 644KX764WM;
				GENERATE_INFOPLIST_FILE = YES;
				IPHONEOS_DEPLOYMENT_TARGET = 17.5;
				MACOSX_DEPLOYMENT_TARGET = 14.5;
				MARKETING_VERSION = 1.0;
				PRODUCT_BUNDLE_IDENTIFIER = ace.FileCopierrrTests;
				PRODUCT_NAME = "$(TARGET_NAME)";
				SDKROOT = auto;
				SUPPORTED_PLATFORMS = "iphoneos iphonesimulator macosx";
				SWIFT_EMIT_LOC_STRINGS = NO;
				SWIFT_VERSION = 5.0;
				TARGETED_DEVICE_FAMILY = "1,2";
				TEST_HOST = "$(BUILT_PRODUCTS_DIR)/Amadace File Copier.app/$(BUNDLE_EXECUTABLE_FOLDER_PATH)/Amadace File Copier";
			};
			name = Debug;
		};
		50065B6A2C0A63B3005C979F /* Release */ = {
			isa = XCBuildConfiguration;
			buildSettings = {
				ALWAYS_EMBED_SWIFT_STANDARD_LIBRARIES = YES;
				BUNDLE_LOADER = "$(TEST_HOST)";
				CODE_SIGN_STYLE = Automatic;
				CURRENT_PROJECT_VERSION = 1;
				DEVELOPMENT_TEAM = 644KX764WM;
				GENERATE_INFOPLIST_FILE = YES;
				IPHONEOS_DEPLOYMENT_TARGET = 17.5;
				MACOSX_DEPLOYMENT_TARGET = 14.5;
				MARKETING_VERSION = 1.0;
				PRODUCT_BUNDLE_IDENTIFIER = ace.FileCopierrrTests;
				PRODUCT_NAME = "$(TARGET_NAME)";
				SDKROOT = auto;
				SUPPORTED_PLATFORMS = "iphoneos iphonesimulator macosx";
				SWIFT_EMIT_LOC_STRINGS = NO;
				SWIFT_VERSION = 5.0;
				TARGETED_DEVICE_FAMILY = "1,2";
				TEST_HOST = "$(BUILT_PRODUCTS_DIR)/Amadace File Copier.app/$(BUNDLE_EXECUTABLE_FOLDER_PATH)/Amadace File Copier";
			};
			name = Release;
		};
		50065B6C2C0A63B3005C979F /* Debug */ = {
			isa = XCBuildConfiguration;
			buildSettings = {
				ALWAYS_EMBED_SWIFT_STANDARD_LIBRARIES = YES;
				CODE_SIGN_STYLE = Automatic;
				CURRENT_PROJECT_VERSION = 1;
				DEVELOPMENT_TEAM = 644KX764WM;
				GENERATE_INFOPLIST_FILE = YES;
				IPHONEOS_DEPLOYMENT_TARGET = 17.5;
				MACOSX_DEPLOYMENT_TARGET = 14.5;
				MARKETING_VERSION = 1.0;
				PRODUCT_BUNDLE_IDENTIFIER = ace.FileCopierrrUITests;
				PRODUCT_NAME = "$(TARGET_NAME)";
				SDKROOT = auto;
				SUPPORTED_PLATFORMS = "iphoneos iphonesimulator macosx";
				SWIFT_EMIT_LOC_STRINGS = NO;
				SWIFT_VERSION = 5.0;
				TARGETED_DEVICE_FAMILY = "1,2";
				TEST_TARGET_NAME = FileCopierrr;
			};
			name = Debug;
		};
		50065B6D2C0A63B3005C979F /* Release */ = {
			isa = XCBuildConfiguration;
			buildSettings = {
				ALWAYS_EMBED_SWIFT_STANDARD_LIBRARIES = YES;
				CODE_SIGN_STYLE = Automatic;
				CURRENT_PROJECT_VERSION = 1;
				DEVELOPMENT_TEAM = 644KX764WM;
				GENERATE_INFOPLIST_FILE = YES;
				IPHONEOS_DEPLOYMENT_TARGET = 17.5;
				MACOSX_DEPLOYMENT_TARGET = 14.5;
				MARKETING_VERSION = 1.0;
				PRODUCT_BUNDLE_IDENTIFIER = ace.FileCopierrrUITests;
				PRODUCT_NAME = "$(TARGET_NAME)";
				SDKROOT = auto;
				SUPPORTED_PLATFORMS = "iphoneos iphonesimulator macosx";
				SWIFT_EMIT_LOC_STRINGS = NO;
				SWIFT_VERSION = 5.0;
				TARGETED_DEVICE_FAMILY = "1,2";
				TEST_TARGET_NAME = FileCopierrr;
			};
			name = Release;
		};
/* End XCBuildConfiguration section */

/* Begin XCConfigurationList section */
		50065B3B2C0A63B2005C979F /* Build configuration list for PBXProject "Amadace File Copier" */ = {
			isa = XCConfigurationList;
			buildConfigurations = (
				50065B632C0A63B3005C979F /* Debug */,
				50065B642C0A63B3005C979F /* Release */,
			);
			defaultConfigurationIsVisible = 0;
			defaultConfigurationName = Release;
		};
		50065B652C0A63B3005C979F /* Build configuration list for PBXNativeTarget "Amadace File Copier" */ = {
			isa = XCConfigurationList;
			buildConfigurations = (
				50065B662C0A63B3005C979F /* Debug */,
				50065B672C0A63B3005C979F /* Release */,
			);
			defaultConfigurationIsVisible = 0;
			defaultConfigurationName = Release;
		};
		50065B682C0A63B3005C979F /* Build configuration list for PBXNativeTarget "Amadace File CopierTests" */ = {
			isa = XCConfigurationList;
			buildConfigurations = (
				50065B692C0A63B3005C979F /* Debug */,
				50065B6A2C0A63B3005C979F /* Release */,
			);
			defaultConfigurationIsVisible = 0;
			defaultConfigurationName = Release;
		};
		50065B6B2C0A63B3005C979F /* Build configuration list for PBXNativeTarget "Amadace File CopierUITests" */ = {
			isa = XCConfigurationList;
			buildConfigurations = (
				50065B6C2C0A63B3005C979F /* Debug */,
				50065B6D2C0A63B3005C979F /* Release */,
			);
			defaultConfigurationIsVisible = 0;
			defaultConfigurationName = Release;
		};
/* End XCConfigurationList section */
	};
	rootObject = 50065B382C0A63B2005C979F /* Project object */;
}
